{
  "version": 4,
  "terraform_version": "1.2.4",
  "serial": 38,
  "lineage": "37ddb832-19ba-c106-db74-35964919d8ef",
  "outputs": {
    "appgw_public_ip_address": {
      "value": "51.137.106.37",
      "type": "string"
    }
  },
  "resources": [
    {
      "mode": "managed",
      "type": "azurerm_application_gateway",
      "name": "appgtw",
      "provider": "provider[\"registry.terraform.io/hashicorp/azurerm\"]",
      "instances": [
        {
          "schema_version": 0,
          "attributes": {
            "authentication_certificate": [],
            "autoscale_configuration": [],
            "backend_address_pool": [
              {
                "fqdns": [],
                "id": "/subscriptions/60fa4fb2-393c-4d60-a4d8-10f8bfd554b2/resourceGroups/RG4/providers/Microsoft.Network/applicationGateways/myAppGateway/backendAddressPools/qalabBackendPool",
                "ip_addresses": [],
                "name": "qalabBackendPool"
              }
            ],
            "backend_http_settings": [
              {
                "affinity_cookie_name": "",
                "authentication_certificate": [],
                "connection_draining": [],
                "cookie_based_affinity": "Disabled",
                "host_name": "",
                "id": "/subscriptions/60fa4fb2-393c-4d60-a4d8-10f8bfd554b2/resourceGroups/RG4/providers/Microsoft.Network/applicationGateways/myAppGateway/backendHttpSettingsCollection/qalabHTTPsetting",
                "name": "qalabHTTPsetting",
                "path": "",
                "pick_host_name_from_backend_address": false,
                "port": 80,
                "probe_id": "",
                "probe_name": "",
                "protocol": "Http",
                "request_timeout": 60,
                "trusted_root_certificate_names": []
              }
            ],
            "custom_error_configuration": [],
            "enable_http2": false,
            "fips_enabled": false,
            "firewall_policy_id": "",
            "force_firewall_policy_association": false,
            "frontend_ip_configuration": [
              {
                "id": "/subscriptions/60fa4fb2-393c-4d60-a4d8-10f8bfd554b2/resourceGroups/RG4/providers/Microsoft.Network/applicationGateways/myAppGateway/frontendIPConfigurations/qalabAGIPConfig",
                "name": "qalabAGIPConfig",
                "private_ip_address": "",
                "private_ip_address_allocation": "Dynamic",
                "private_link_configuration_id": "",
                "private_link_configuration_name": "",
                "public_ip_address_id": "/subscriptions/60fa4fb2-393c-4d60-a4d8-10f8bfd554b2/resourceGroups/RG4/providers/Microsoft.Network/publicIPAddresses/myAGPublicIPAddress",
                "subnet_id": ""
              }
            ],
            "frontend_port": [
              {
                "id": "/subscriptions/60fa4fb2-393c-4d60-a4d8-10f8bfd554b2/resourceGroups/RG4/providers/Microsoft.Network/applicationGateways/myAppGateway/frontendPorts/qalabFrontendPort",
                "name": "qalabFrontendPort",
                "port": 80
              }
            ],
            "gateway_ip_configuration": [
              {
                "id": "/subscriptions/60fa4fb2-393c-4d60-a4d8-10f8bfd554b2/resourceGroups/RG4/providers/Microsoft.Network/applicationGateways/myAppGateway/gatewayIPConfigurations/my-gateway-ip-configuration",
                "name": "my-gateway-ip-configuration",
                "subnet_id": "/subscriptions/60fa4fb2-393c-4d60-a4d8-10f8bfd554b2/resourceGroups/RG4/providers/Microsoft.Network/virtualNetworks/myVNet/subnets/myAGSubnet"
              }
            ],
            "global": [],
            "http_listener": [
              {
                "custom_error_configuration": [],
                "firewall_policy_id": "",
                "frontend_ip_configuration_id": "/subscriptions/60fa4fb2-393c-4d60-a4d8-10f8bfd554b2/resourceGroups/RG4/providers/Microsoft.Network/applicationGateways/myAppGateway/frontendIPConfigurations/qalabAGIPConfig",
                "frontend_ip_configuration_name": "qalabAGIPConfig",
                "frontend_port_id": "/subscriptions/60fa4fb2-393c-4d60-a4d8-10f8bfd554b2/resourceGroups/RG4/providers/Microsoft.Network/applicationGateways/myAppGateway/frontendPorts/qalabFrontendPort",
                "frontend_port_name": "qalabFrontendPort",
                "host_name": "",
                "host_names": [],
                "id": "/subscriptions/60fa4fb2-393c-4d60-a4d8-10f8bfd554b2/resourceGroups/RG4/providers/Microsoft.Network/applicationGateways/myAppGateway/httpListeners/qalabListener",
                "name": "qalabListener",
                "protocol": "Http",
                "require_sni": false,
                "ssl_certificate_id": "",
                "ssl_certificate_name": "",
                "ssl_profile_id": "",
                "ssl_profile_name": ""
              }
            ],
            "id": "/subscriptions/60fa4fb2-393c-4d60-a4d8-10f8bfd554b2/resourceGroups/RG4/providers/Microsoft.Network/applicationGateways/myAppGateway",
            "identity": [],
            "location": "westeurope",
            "name": "myAppGateway",
            "private_endpoint_connection": [],
            "private_link_configuration": [],
            "probe": [],
            "redirect_configuration": [],
            "request_routing_rule": [
              {
                "backend_address_pool_id": "/subscriptions/60fa4fb2-393c-4d60-a4d8-10f8bfd554b2/resourceGroups/RG4/providers/Microsoft.Network/applicationGateways/myAppGateway/backendAddressPools/qalabBackendPool",
                "backend_address_pool_name": "qalabBackendPool",
                "backend_http_settings_id": "/subscriptions/60fa4fb2-393c-4d60-a4d8-10f8bfd554b2/resourceGroups/RG4/providers/Microsoft.Network/applicationGateways/myAppGateway/backendHttpSettingsCollection/qalabHTTPsetting",
                "backend_http_settings_name": "qalabHTTPsetting",
                "http_listener_id": "/subscriptions/60fa4fb2-393c-4d60-a4d8-10f8bfd554b2/resourceGroups/RG4/providers/Microsoft.Network/applicationGateways/myAppGateway/httpListeners/qalabListener",
                "http_listener_name": "qalabListener",
                "id": "/subscriptions/60fa4fb2-393c-4d60-a4d8-10f8bfd554b2/resourceGroups/RG4/providers/Microsoft.Network/applicationGateways/myAppGateway/requestRoutingRules/qalabRoutingRule",
                "name": "qalabRoutingRule",
                "priority": 10,
                "redirect_configuration_id": "",
                "redirect_configuration_name": "",
                "rewrite_rule_set_id": "",
                "rewrite_rule_set_name": "",
                "rule_type": "Basic",
                "url_path_map_id": "",
                "url_path_map_name": ""
              }
            ],
            "resource_group_name": "RG4",
            "rewrite_rule_set": [],
            "sku": [
              {
                "capacity": 2,
                "name": "Standard_v2",
                "tier": "Standard_v2"
              }
            ],
            "ssl_certificate": [],
            "ssl_policy": [
              {
                "cipher_suites": [],
                "disabled_protocols": [],
                "min_protocol_version": "",
                "policy_name": "AppGwSslPolicy20220101",
                "policy_type": "Predefined"
              }
            ],
            "ssl_profile": [],
            "tags": {},
            "timeouts": null,
            "trusted_client_certificate": [],
            "trusted_root_certificate": [],
            "url_path_map": [],
            "waf_configuration": [],
            "zones": []
          },
          "sensitive_attributes": [],
          "private": "eyJlMmJmYjczMC1lY2FhLTExZTYtOGY4OC0zNDM2M2JjN2M0YzAiOnsiY3JlYXRlIjo1NDAwMDAwMDAwMDAwLCJkZWxldGUiOjU0MDAwMDAwMDAwMDAsInJlYWQiOjMwMDAwMDAwMDAwMCwidXBkYXRlIjo1NDAwMDAwMDAwMDAwfX0=",
          "dependencies": [
            "azurerm_public_ip.pubip",
            "azurerm_subnet.frontend"
          ]
        }
      ]
    },
    {
      "mode": "managed",
      "type": "azurerm_network_interface",
      "name": "nic1",
      "provider": "provider[\"registry.terraform.io/hashicorp/azurerm\"]",
      "instances": [
        {
          "schema_version": 0,
          "attributes": {
            "accelerated_networking_enabled": false,
            "applied_dns_servers": [],
            "auxiliary_mode": "",
            "auxiliary_sku": "",
            "dns_servers": [],
            "edge_zone": "",
            "id": "/subscriptions/60fa4fb2-393c-4d60-a4d8-10f8bfd554b2/resourceGroups/RG4/providers/Microsoft.Network/networkInterfaces/nic-1",
            "internal_dns_name_label": "",
            "internal_domain_name_suffix": "cpckzjnx1jyu5lyn1fa0vv2b4f.ax.internal.cloudapp.net",
            "ip_configuration": [
              {
                "gateway_load_balancer_frontend_ip_configuration_id": "",
                "name": "nic-ipconfig-1",
                "primary": true,
                "private_ip_address": "10.21.1.5",
                "private_ip_address_allocation": "Dynamic",
                "private_ip_address_version": "IPv4",
                "public_ip_address_id": "",
                "subnet_id": "/subscriptions/60fa4fb2-393c-4d60-a4d8-10f8bfd554b2/resourceGroups/RG4/providers/Microsoft.Network/virtualNetworks/myVNet/subnets/myBackendSubnet"
              }
            ],
            "ip_forwarding_enabled": false,
            "location": "westeurope",
            "mac_address": "00-0D-3A-24-6D-93",
            "name": "nic-1",
            "private_ip_address": "10.21.1.5",
            "private_ip_addresses": [
              "10.21.1.5"
            ],
            "resource_group_name": "RG4",
            "tags": {},
            "timeouts": null,
            "virtual_machine_id": "/subscriptions/60fa4fb2-393c-4d60-a4d8-10f8bfd554b2/resourceGroups/RG4/providers/Microsoft.Compute/virtualMachines/VM1"
          },
          "sensitive_attributes": [],
          "private": "eyJlMmJmYjczMC1lY2FhLTExZTYtOGY4OC0zNDM2M2JjN2M0YzAiOnsiY3JlYXRlIjoxODAwMDAwMDAwMDAwLCJkZWxldGUiOjE4MDAwMDAwMDAwMDAsInJlYWQiOjMwMDAwMDAwMDAwMCwidXBkYXRlIjoxODAwMDAwMDAwMDAwfX0=",
          "dependencies": [
            "azurerm_subnet.backend"
          ]
        }
      ]
    },
    {
      "mode": "managed",
      "type": "azurerm_network_interface",
      "name": "nic2",
      "provider": "provider[\"registry.terraform.io/hashicorp/azurerm\"]",
      "instances": [
        {
          "schema_version": 0,
          "attributes": {
            "accelerated_networking_enabled": false,
            "applied_dns_servers": [],
            "auxiliary_mode": "",
            "auxiliary_sku": "",
            "dns_servers": [],
            "edge_zone": "",
            "id": "/subscriptions/60fa4fb2-393c-4d60-a4d8-10f8bfd554b2/resourceGroups/RG4/providers/Microsoft.Network/networkInterfaces/nic-2",
            "internal_dns_name_label": "",
            "internal_domain_name_suffix": "cpckzjnx1jyu5lyn1fa0vv2b4f.ax.internal.cloudapp.net",
            "ip_configuration": [
              {
                "gateway_load_balancer_frontend_ip_configuration_id": "",
                "name": "nic-ipconfig-2",
                "primary": true,
                "private_ip_address": "10.21.1.4",
                "private_ip_address_allocation": "Dynamic",
                "private_ip_address_version": "IPv4",
                "public_ip_address_id": "",
                "subnet_id": "/subscriptions/60fa4fb2-393c-4d60-a4d8-10f8bfd554b2/resourceGroups/RG4/providers/Microsoft.Network/virtualNetworks/myVNet/subnets/myBackendSubnet"
              }
            ],
            "ip_forwarding_enabled": false,
            "location": "westeurope",
            "mac_address": "60-45-BD-93-75-74",
            "name": "nic-2",
            "private_ip_address": "10.21.1.4",
            "private_ip_addresses": [
              "10.21.1.4"
            ],
            "resource_group_name": "RG4",
            "tags": {},
            "timeouts": null,
            "virtual_machine_id": "/subscriptions/60fa4fb2-393c-4d60-a4d8-10f8bfd554b2/resourceGroups/RG4/providers/Microsoft.Compute/virtualMachines/VM2"
          },
          "sensitive_attributes": [],
          "private": "eyJlMmJmYjczMC1lY2FhLTExZTYtOGY4OC0zNDM2M2JjN2M0YzAiOnsiY3JlYXRlIjoxODAwMDAwMDAwMDAwLCJkZWxldGUiOjE4MDAwMDAwMDAwMDAsInJlYWQiOjMwMDAwMDAwMDAwMCwidXBkYXRlIjoxODAwMDAwMDAwMDAwfX0=",
          "dependencies": [
            "azurerm_subnet.backend"
          ]
        }
      ]
    },
    {
      "mode": "managed",
      "type": "azurerm_network_interface_application_gateway_backend_address_pool_association",
      "name": "nic-assc1",
      "provider": "provider[\"registry.terraform.io/hashicorp/azurerm\"]",
      "instances": [
        {
          "schema_version": 0,
          "attributes": {
            "backend_address_pool_id": "/subscriptions/60fa4fb2-393c-4d60-a4d8-10f8bfd554b2/resourceGroups/RG4/providers/Microsoft.Network/applicationGateways/myAppGateway/backendAddressPools/qalabBackendPool",
            "id": "/subscriptions/60fa4fb2-393c-4d60-a4d8-10f8bfd554b2/resourceGroups/RG4/providers/Microsoft.Network/networkInterfaces/nic-1/ipConfigurations/nic-ipconfig-1|/subscriptions/60fa4fb2-393c-4d60-a4d8-10f8bfd554b2/resourceGroups/RG4/providers/Microsoft.Network/applicationGateways/myAppGateway/backendAddressPools/qalabBackendPool",
            "ip_configuration_name": "nic-ipconfig-1",
            "network_interface_id": "/subscriptions/60fa4fb2-393c-4d60-a4d8-10f8bfd554b2/resourceGroups/RG4/providers/Microsoft.Network/networkInterfaces/nic-1",
            "timeouts": null
          },
          "sensitive_attributes": [],
          "private": "eyJlMmJmYjczMC1lY2FhLTExZTYtOGY4OC0zNDM2M2JjN2M0YzAiOnsiY3JlYXRlIjoxODAwMDAwMDAwMDAwLCJkZWxldGUiOjE4MDAwMDAwMDAwMDAsInJlYWQiOjMwMDAwMDAwMDAwMH19",
          "dependencies": [
            "azurerm_application_gateway.appgtw",
            "azurerm_network_interface.nic1",
            "azurerm_public_ip.pubip",
            "azurerm_subnet.backend",
            "azurerm_subnet.frontend"
          ]
        }
      ]
    },
    {
      "mode": "managed",
      "type": "azurerm_network_interface_application_gateway_backend_address_pool_association",
      "name": "nic-assc2",
      "provider": "provider[\"registry.terraform.io/hashicorp/azurerm\"]",
      "instances": [
        {
          "schema_version": 0,
          "attributes": {
            "backend_address_pool_id": "/subscriptions/60fa4fb2-393c-4d60-a4d8-10f8bfd554b2/resourceGroups/RG4/providers/Microsoft.Network/applicationGateways/myAppGateway/backendAddressPools/qalabBackendPool",
            "id": "/subscriptions/60fa4fb2-393c-4d60-a4d8-10f8bfd554b2/resourceGroups/RG4/providers/Microsoft.Network/networkInterfaces/nic-2/ipConfigurations/nic-ipconfig-2|/subscriptions/60fa4fb2-393c-4d60-a4d8-10f8bfd554b2/resourceGroups/RG4/providers/Microsoft.Network/applicationGateways/myAppGateway/backendAddressPools/qalabBackendPool",
            "ip_configuration_name": "nic-ipconfig-2",
            "network_interface_id": "/subscriptions/60fa4fb2-393c-4d60-a4d8-10f8bfd554b2/resourceGroups/RG4/providers/Microsoft.Network/networkInterfaces/nic-2",
            "timeouts": null
          },
          "sensitive_attributes": [],
          "private": "eyJlMmJmYjczMC1lY2FhLTExZTYtOGY4OC0zNDM2M2JjN2M0YzAiOnsiY3JlYXRlIjoxODAwMDAwMDAwMDAwLCJkZWxldGUiOjE4MDAwMDAwMDAwMDAsInJlYWQiOjMwMDAwMDAwMDAwMH19",
          "dependencies": [
            "azurerm_application_gateway.appgtw",
            "azurerm_network_interface.nic2",
            "azurerm_public_ip.pubip",
            "azurerm_subnet.backend",
            "azurerm_subnet.frontend"
          ]
        }
      ]
    },
    {
      "mode": "managed",
      "type": "azurerm_public_ip",
      "name": "pubip",
      "provider": "provider[\"registry.terraform.io/hashicorp/azurerm\"]",
      "instances": [
        {
          "schema_version": 0,
          "attributes": {
            "allocation_method": "Static",
            "ddos_protection_mode": "VirtualNetworkInherited",
            "ddos_protection_plan_id": null,
            "domain_name_label": null,
            "domain_name_label_scope": null,
            "edge_zone": "",
            "fqdn": null,
            "id": "/subscriptions/60fa4fb2-393c-4d60-a4d8-10f8bfd554b2/resourceGroups/RG4/providers/Microsoft.Network/publicIPAddresses/myAGPublicIPAddress",
            "idle_timeout_in_minutes": 4,
            "ip_address": "51.137.106.37",
            "ip_tags": {},
            "ip_version": "IPv4",
            "location": "westeurope",
            "name": "myAGPublicIPAddress",
            "public_ip_prefix_id": null,
            "resource_group_name": "RG4",
            "reverse_fqdn": null,
            "sku": "Standard",
            "sku_tier": "Regional",
            "tags": {},
            "timeouts": null,
            "zones": []
          },
          "sensitive_attributes": [],
          "private": "eyJlMmJmYjczMC1lY2FhLTExZTYtOGY4OC0zNDM2M2JjN2M0YzAiOnsiY3JlYXRlIjoxODAwMDAwMDAwMDAwLCJkZWxldGUiOjE4MDAwMDAwMDAwMDAsInJlYWQiOjMwMDAwMDAwMDAwMCwidXBkYXRlIjoxODAwMDAwMDAwMDAwfX0="
        }
      ]
    },
    {
      "mode": "managed",
      "type": "azurerm_resource_group",
      "name": "resgrp",
      "provider": "provider[\"registry.terraform.io/hashicorp/azurerm\"]",
      "instances": [
        {
          "schema_version": 0,
          "attributes": {
            "id": "/subscriptions/60fa4fb2-393c-4d60-a4d8-10f8bfd554b2/resourceGroups/RG4",
            "location": "westeurope",
            "managed_by": "",
            "name": "RG4",
            "tags": {},
            "timeouts": null
          },
          "sensitive_attributes": [],
          "private": "eyJlMmJmYjczMC1lY2FhLTExZTYtOGY4OC0zNDM2M2JjN2M0YzAiOnsiY3JlYXRlIjo1NDAwMDAwMDAwMDAwLCJkZWxldGUiOjU0MDAwMDAwMDAwMDAsInJlYWQiOjMwMDAwMDAwMDAwMCwidXBkYXRlIjo1NDAwMDAwMDAwMDAwfX0="
        }
      ]
    },
    {
      "mode": "managed",
      "type": "azurerm_subnet",
      "name": "backend",
      "provider": "provider[\"registry.terraform.io/hashicorp/azurerm\"]",
      "instances": [
        {
          "schema_version": 0,
          "attributes": {
            "address_prefixes": [
              "10.21.1.0/24"
            ],
            "default_outbound_access_enabled": true,
            "delegation": [],
            "id": "/subscriptions/60fa4fb2-393c-4d60-a4d8-10f8bfd554b2/resourceGroups/RG4/providers/Microsoft.Network/virtualNetworks/myVNet/subnets/myBackendSubnet",
            "name": "myBackendSubnet",
            "private_endpoint_network_policies": "Disabled",
            "private_link_service_network_policies_enabled": true,
            "resource_group_name": "RG4",
            "service_endpoint_policy_ids": [],
            "service_endpoints": [],
            "timeouts": null,
            "virtual_network_name": "myVNet"
          },
          "sensitive_attributes": [],
          "private": "eyJlMmJmYjczMC1lY2FhLTExZTYtOGY4OC0zNDM2M2JjN2M0YzAiOnsiY3JlYXRlIjoxODAwMDAwMDAwMDAwLCJkZWxldGUiOjE4MDAwMDAwMDAwMDAsInJlYWQiOjMwMDAwMDAwMDAwMCwidXBkYXRlIjoxODAwMDAwMDAwMDAwfX0="
        }
      ]
    },
    {
      "mode": "managed",
      "type": "azurerm_subnet",
      "name": "frontend",
      "provider": "provider[\"registry.terraform.io/hashicorp/azurerm\"]",
      "instances": [
        {
          "schema_version": 0,
          "attributes": {
            "address_prefixes": [
              "10.21.0.0/24"
            ],
            "default_outbound_access_enabled": true,
            "delegation": [],
            "id": "/subscriptions/60fa4fb2-393c-4d60-a4d8-10f8bfd554b2/resourceGroups/RG4/providers/Microsoft.Network/virtualNetworks/myVNet/subnets/myAGSubnet",
            "name": "myAGSubnet",
            "private_endpoint_network_policies": "Disabled",
            "private_link_service_network_policies_enabled": true,
            "resource_group_name": "RG4",
            "service_endpoint_policy_ids": [],
            "service_endpoints": [],
            "timeouts": null,
            "virtual_network_name": "myVNet"
          },
          "sensitive_attributes": [],
          "private": "eyJlMmJmYjczMC1lY2FhLTExZTYtOGY4OC0zNDM2M2JjN2M0YzAiOnsiY3JlYXRlIjoxODAwMDAwMDAwMDAwLCJkZWxldGUiOjE4MDAwMDAwMDAwMDAsInJlYWQiOjMwMDAwMDAwMDAwMCwidXBkYXRlIjoxODAwMDAwMDAwMDAwfX0="
        }
      ]
    },
    {
      "mode": "managed",
      "type": "azurerm_virtual_machine_extension",
      "name": "vm-extensions1",
      "provider": "provider[\"registry.terraform.io/hashicorp/azurerm\"]",
      "instances": [
        {
          "schema_version": 0,
          "attributes": {
            "auto_upgrade_minor_version": false,
            "automatic_upgrade_enabled": false,
            "failure_suppression_enabled": false,
            "id": "/subscriptions/60fa4fb2-393c-4d60-a4d8-10f8bfd554b2/resourceGroups/RG4/providers/Microsoft.Compute/virtualMachines/VM1/extensions/vm1-ext",
            "name": "vm1-ext",
            "protected_settings": null,
            "protected_settings_from_key_vault": [],
            "provision_after_extensions": [],
            "publisher": "Microsoft.Compute",
            "settings": "{\"commandToExecute\":\"powershell Add-WindowsFeature Web-Server; powershell Add-Content -Path \\\"C:\\\\inetpub\\\\wwwroot\\\\Default.htm\\\" -Value $($env:computername)\"}",
            "tags": {},
            "timeouts": null,
            "type": "CustomScriptExtension",
            "type_handler_version": "1.10",
            "virtual_machine_id": "/subscriptions/60fa4fb2-393c-4d60-a4d8-10f8bfd554b2/resourceGroups/RG4/providers/Microsoft.Compute/virtualMachines/VM1"
          },
          "sensitive_attributes": [],
          "private": "eyJlMmJmYjczMC1lY2FhLTExZTYtOGY4OC0zNDM2M2JjN2M0YzAiOnsiY3JlYXRlIjoxODAwMDAwMDAwMDAwLCJkZWxldGUiOjE4MDAwMDAwMDAwMDAsInJlYWQiOjMwMDAwMDAwMDAwMCwidXBkYXRlIjoxODAwMDAwMDAwMDAwfX0=",
          "dependencies": [
            "azurerm_network_interface.nic1",
            "azurerm_subnet.backend",
            "azurerm_windows_virtual_machine.vm1",
            "random_password.password"
          ]
        }
      ]
    },
    {
      "mode": "managed",
      "type": "azurerm_virtual_machine_extension",
      "name": "vm-extensions2",
      "provider": "provider[\"registry.terraform.io/hashicorp/azurerm\"]",
      "instances": [
        {
          "schema_version": 0,
          "attributes": {
            "auto_upgrade_minor_version": false,
            "automatic_upgrade_enabled": false,
            "failure_suppression_enabled": false,
            "id": "/subscriptions/60fa4fb2-393c-4d60-a4d8-10f8bfd554b2/resourceGroups/RG4/providers/Microsoft.Compute/virtualMachines/VM2/extensions/vm2-ext",
            "name": "vm2-ext",
            "protected_settings": null,
            "protected_settings_from_key_vault": [],
            "provision_after_extensions": [],
            "publisher": "Microsoft.Compute",
            "settings": "{\"commandToExecute\":\"powershell Add-WindowsFeature Web-Server; powershell Add-Content -Path \\\"C:\\\\inetpub\\\\wwwroot\\\\Default.htm\\\" -Value $($env:computername)\"}",
            "tags": {},
            "timeouts": null,
            "type": "CustomScriptExtension",
            "type_handler_version": "1.10",
            "virtual_machine_id": "/subscriptions/60fa4fb2-393c-4d60-a4d8-10f8bfd554b2/resourceGroups/RG4/providers/Microsoft.Compute/virtualMachines/VM2"
          },
          "sensitive_attributes": [],
          "private": "eyJlMmJmYjczMC1lY2FhLTExZTYtOGY4OC0zNDM2M2JjN2M0YzAiOnsiY3JlYXRlIjoxODAwMDAwMDAwMDAwLCJkZWxldGUiOjE4MDAwMDAwMDAwMDAsInJlYWQiOjMwMDAwMDAwMDAwMCwidXBkYXRlIjoxODAwMDAwMDAwMDAwfX0=",
          "dependencies": [
            "azurerm_network_interface.nic2",
            "azurerm_subnet.backend",
            "azurerm_windows_virtual_machine.vm2",
            "random_password.password"
          ]
        }
      ]
    },
    {
      "mode": "managed",
      "type": "azurerm_virtual_network",
      "name": "vnet",
      "provider": "provider[\"registry.terraform.io/hashicorp/azurerm\"]",
      "instances": [
        {
          "schema_version": 0,
          "attributes": {
            "address_space": [
              "10.21.0.0/16"
            ],
            "bgp_community": "",
            "ddos_protection_plan": [],
            "dns_servers": [],
            "edge_zone": "",
            "encryption": [],
            "flow_timeout_in_minutes": 0,
            "guid": "a5acc413-dab7-4f71-af0d-d941aad781f5",
            "id": "/subscriptions/60fa4fb2-393c-4d60-a4d8-10f8bfd554b2/resourceGroups/RG4/providers/Microsoft.Network/virtualNetworks/myVNet",
            "location": "westeurope",
            "name": "myVNet",
            "resource_group_name": "RG4",
            "subnet": [
              {
                "address_prefixes": [
                  "10.21.0.0/24"
                ],
                "default_outbound_access_enabled": true,
                "delegation": [],
                "id": "/subscriptions/60fa4fb2-393c-4d60-a4d8-10f8bfd554b2/resourceGroups/RG4/providers/Microsoft.Network/virtualNetworks/myVNet/subnets/myAGSubnet",
                "name": "myAGSubnet",
                "private_endpoint_network_policies": "Disabled",
                "private_link_service_network_policies_enabled": true,
                "route_table_id": "",
                "security_group": "",
                "service_endpoint_policy_ids": [],
                "service_endpoints": []
              },
              {
                "address_prefixes": [
                  "10.21.1.0/24"
                ],
                "default_outbound_access_enabled": true,
                "delegation": [],
                "id": "/subscriptions/60fa4fb2-393c-4d60-a4d8-10f8bfd554b2/resourceGroups/RG4/providers/Microsoft.Network/virtualNetworks/myVNet/subnets/myBackendSubnet",
                "name": "myBackendSubnet",
                "private_endpoint_network_policies": "Disabled",
                "private_link_service_network_policies_enabled": true,
                "route_table_id": "",
                "security_group": "",
                "service_endpoint_policy_ids": [],
                "service_endpoints": []
              }
            ],
            "tags": {},
            "timeouts": null
          },
          "sensitive_attributes": [],
          "private": "eyJlMmJmYjczMC1lY2FhLTExZTYtOGY4OC0zNDM2M2JjN2M0YzAiOnsiY3JlYXRlIjoxODAwMDAwMDAwMDAwLCJkZWxldGUiOjE4MDAwMDAwMDAwMDAsInJlYWQiOjMwMDAwMDAwMDAwMCwidXBkYXRlIjoxODAwMDAwMDAwMDAwfX0="
        }
      ]
    },
    {
      "mode": "managed",
      "type": "azurerm_windows_virtual_machine",
      "name": "vm1",
      "provider": "provider[\"registry.terraform.io/hashicorp/azurerm\"]",
      "instances": [
        {
          "schema_version": 0,
          "attributes": {
            "additional_capabilities": [],
            "additional_unattend_content": [],
            "admin_password": "fudlqqNo8tV:ddvt",
            "admin_username": "azureadmin",
            "allow_extension_operations": true,
            "availability_set_id": "",
            "boot_diagnostics": [],
            "bypass_platform_safety_checks_on_user_schedule_enabled": false,
            "capacity_reservation_group_id": "",
            "computer_name": "VM1",
            "custom_data": null,
            "dedicated_host_group_id": "",
            "dedicated_host_id": "",
            "disk_controller_type": "",
            "edge_zone": "",
            "enable_automatic_updates": true,
            "encryption_at_host_enabled": false,
            "eviction_policy": "",
            "extensions_time_budget": "PT1H30M",
            "gallery_application": [],
            "hotpatching_enabled": false,
            "id": "/subscriptions/60fa4fb2-393c-4d60-a4d8-10f8bfd554b2/resourceGroups/RG4/providers/Microsoft.Compute/virtualMachines/VM1",
            "identity": [],
            "license_type": "",
            "location": "westeurope",
            "max_bid_price": -1,
            "name": "VM1",
            "network_interface_ids": [
              "/subscriptions/60fa4fb2-393c-4d60-a4d8-10f8bfd554b2/resourceGroups/RG4/providers/Microsoft.Network/networkInterfaces/nic-1"
            ],
            "os_disk": [
              {
                "caching": "ReadWrite",
                "diff_disk_settings": [],
                "disk_encryption_set_id": "",
                "disk_size_gb": 127,
                "name": "VM1_OsDisk_1_edc444b8b36c4a19a763c560a2894f87",
                "secure_vm_disk_encryption_set_id": "",
                "security_encryption_type": "",
                "storage_account_type": "Standard_LRS",
                "write_accelerator_enabled": false
              }
            ],
            "os_image_notification": [],
            "patch_assessment_mode": "ImageDefault",
            "patch_mode": "AutomaticByOS",
            "plan": [],
            "platform_fault_domain": -1,
            "priority": "Regular",
            "private_ip_address": "10.21.1.5",
            "private_ip_addresses": [
              "10.21.1.5"
            ],
            "provision_vm_agent": true,
            "proximity_placement_group_id": "",
            "public_ip_address": "",
            "public_ip_addresses": [],
            "reboot_setting": "",
            "resource_group_name": "RG4",
            "secret": [],
            "secure_boot_enabled": false,
            "size": "Standard_DS2_v2",
            "source_image_id": "",
            "source_image_reference": [
              {
                "offer": "WindowsServer",
                "publisher": "MicrosoftWindowsServer",
                "sku": "2019-Datacenter",
                "version": "latest"
              }
            ],
            "tags": {},
            "termination_notification": [],
            "timeouts": null,
            "timezone": "",
            "user_data": "",
            "virtual_machine_id": "3ead51b1-8a09-457c-a3e8-631ec22ef7b8",
            "virtual_machine_scale_set_id": "",
            "vm_agent_platform_updates_enabled": false,
            "vtpm_enabled": false,
            "winrm_listener": [],
            "zone": ""
          },
          "sensitive_attributes": [
            [
              {
                "type": "get_attr",
                "value": "admin_password"
              }
            ]
          ],
          "private": "eyJlMmJmYjczMC1lY2FhLTExZTYtOGY4OC0zNDM2M2JjN2M0YzAiOnsiY3JlYXRlIjoyNzAwMDAwMDAwMDAwLCJkZWxldGUiOjI3MDAwMDAwMDAwMDAsInJlYWQiOjMwMDAwMDAwMDAwMCwidXBkYXRlIjoyNzAwMDAwMDAwMDAwfX0=",
          "dependencies": [
            "azurerm_network_interface.nic1",
            "azurerm_subnet.backend",
            "random_password.password"
          ]
        }
      ]
    },
    {
      "mode": "managed",
      "type": "azurerm_windows_virtual_machine",
      "name": "vm2",
      "provider": "provider[\"registry.terraform.io/hashicorp/azurerm\"]",
      "instances": [
        {
          "schema_version": 0,
          "attributes": {
            "additional_capabilities": [],
            "additional_unattend_content": [],
            "admin_password": "fudlqqNo8tV:ddvt",
            "admin_username": "azureadmin",
            "allow_extension_operations": true,
            "availability_set_id": "",
            "boot_diagnostics": [],
            "bypass_platform_safety_checks_on_user_schedule_enabled": false,
            "capacity_reservation_group_id": "",
            "computer_name": "VM2",
            "custom_data": null,
            "dedicated_host_group_id": "",
            "dedicated_host_id": "",
            "disk_controller_type": "",
            "edge_zone": "",
            "enable_automatic_updates": true,
            "encryption_at_host_enabled": false,
            "eviction_policy": "",
            "extensions_time_budget": "PT1H30M",
            "gallery_application": [],
            "hotpatching_enabled": false,
            "id": "/subscriptions/60fa4fb2-393c-4d60-a4d8-10f8bfd554b2/resourceGroups/RG4/providers/Microsoft.Compute/virtualMachines/VM2",
            "identity": [],
            "license_type": "",
            "location": "westeurope",
            "max_bid_price": -1,
            "name": "VM2",
            "network_interface_ids": [
              "/subscriptions/60fa4fb2-393c-4d60-a4d8-10f8bfd554b2/resourceGroups/RG4/providers/Microsoft.Network/networkInterfaces/nic-2"
            ],
            "os_disk": [
              {
                "caching": "ReadWrite",
                "diff_disk_settings": [],
                "disk_encryption_set_id": "",
                "disk_size_gb": 127,
                "name": "VM2_disk1_bdbffb679e064f82b38dbfee467e9064",
                "secure_vm_disk_encryption_set_id": "",
                "security_encryption_type": "",
                "storage_account_type": "Standard_LRS",
                "write_accelerator_enabled": false
              }
            ],
            "os_image_notification": [],
            "patch_assessment_mode": "ImageDefault",
            "patch_mode": "AutomaticByOS",
            "plan": [],
            "platform_fault_domain": -1,
            "priority": "Regular",
            "private_ip_address": "10.21.1.4",
            "private_ip_addresses": [
              "10.21.1.4"
            ],
            "provision_vm_agent": true,
            "proximity_placement_group_id": "",
            "public_ip_address": "",
            "public_ip_addresses": [],
            "reboot_setting": "",
            "resource_group_name": "RG4",
            "secret": [],
            "secure_boot_enabled": false,
            "size": "Standard_DS2_v2",
            "source_image_id": "",
            "source_image_reference": [
              {
                "offer": "WindowsServer",
                "publisher": "MicrosoftWindowsServer",
                "sku": "2019-Datacenter",
                "version": "latest"
              }
            ],
            "tags": {},
            "termination_notification": [],
            "timeouts": null,
            "timezone": "",
            "user_data": "",
            "virtual_machine_id": "d1b23b47-958a-46ed-995b-8edc06cea47d",
            "virtual_machine_scale_set_id": "",
            "vm_agent_platform_updates_enabled": false,
            "vtpm_enabled": false,
            "winrm_listener": [],
            "zone": ""
          },
          "sensitive_attributes": [
            [
              {
                "type": "get_attr",
                "value": "admin_password"
              }
            ]
          ],
          "private": "eyJlMmJmYjczMC1lY2FhLTExZTYtOGY4OC0zNDM2M2JjN2M0YzAiOnsiY3JlYXRlIjoyNzAwMDAwMDAwMDAwLCJkZWxldGUiOjI3MDAwMDAwMDAwMDAsInJlYWQiOjMwMDAwMDAwMDAwMCwidXBkYXRlIjoyNzAwMDAwMDAwMDAwfX0=",
          "dependencies": [
            "azurerm_network_interface.nic2",
            "azurerm_subnet.backend",
            "random_password.password"
          ]
        }
      ]
    },
    {
      "mode": "managed",
      "type": "random_password",
      "name": "password",
      "provider": "provider[\"registry.terraform.io/hashicorp/random\"]",
      "instances": [
        {
          "schema_version": 3,
          "attributes": {
            "bcrypt_hash": "$2a$10$5xvAeK6DcMq30ETJZGvRV.GMm14ExMliXBAGjxGr9VCDCg1W1/1ma",
            "id": "none",
            "keepers": null,
            "length": 16,
            "lower": true,
            "min_lower": 0,
            "min_numeric": 0,
            "min_special": 0,
            "min_upper": 0,
            "number": true,
            "numeric": true,
            "override_special": null,
            "result": "fudlqqNo8tV:ddvt",
            "special": true,
            "upper": true
          },
          "sensitive_attributes": []
        }
      ]
    }
  ]
}
